
Microsoft Visual Studio Solution File, Format Version 12.00
# Visual Studio 15
VisualStudioVersion = 15.0.28307.902
MinimumVisualStudioVersion = 10.0.40219.1
Project("{FAE04EC0-301F-11D3-BF4B-00C04F79EFBC}") = "04_PA09_Dasharupa", "04_PA09_Dasharupa\04_PA09_Dasharupa.csproj", "{CC53303C-FC43-41AB-807F-A713D800B8F4}"
EndProject
Global
	GlobalSection(SolutionConfigurationPlatforms) = preSolution
		Debug|Any CPU = Debug|Any CPU
		Release|Any CPU = Release|Any CPU
	EndGlobalSection
	GlobalSection(ProjectConfigurationPlatforms) = postSolution
		{CC53303C-FC43-41AB-807F-A713D800B8F4}.Debug|Any CPU.ActiveCfg = Debug|Any CPU
		{CC53303C-FC43-41AB-807F-A713D800B8F4}.Debug|Any CPU.Build.0 = Debug|Any CPU
		{CC53303C-FC43-41AB-807F-A713D800B8F4}.Release|Any CPU.ActiveCfg = Release|Any CPU
		{CC53303C-FC43-41AB-807F-A713D800B8F4}.Release|Any CPU.Build.0 = Release|Any CPU
	EndGlobalSection
	GlobalSection(SolutionProperties) = preSolution
		HideSolutionNode = FALSE
	EndGlobalSection
	GlobalSection(ExtensibilityGlobals) = postSolution
		SolutionGuid = {4D9226C4-D34D-4276-822E-94AEE18D88C2}
	EndGlobalSection
EndGlobal
